{
  "version": 4,
  "terraform_version": "1.5.7",
  "serial": 5,
  "lineage": "60539f57-277a-7feb-67b8-3c04e2d09d7b",
  "outputs": {
    "vm_names": {
      "value": {
        "vm-ry": "01MCC_ubuntu24-04-RY"
      },
      "type": [
        "object",
        {
          "vm-ry": "string"
        }
      ]
    }
  },
  "resources": [
    {
      "mode": "data",
      "type": "vsphere_compute_cluster",
      "name": "cluster",
      "provider": "provider[\"registry.terraform.io/hashicorp/vsphere\"]",
      "instances": [
        {
          "schema_version": 0,
          "attributes": {
            "datacenter_id": "datacenter-3",
            "id": "domain-c8",
            "name": "MCC-IBM3650-Cluster",
            "resource_pool_id": "resgroup-9"
          },
          "sensitive_attributes": []
        }
      ]
    },
    {
      "mode": "data",
      "type": "vsphere_datacenter",
      "name": "dc",
      "provider": "provider[\"registry.terraform.io/hashicorp/vsphere\"]",
      "instances": [
        {
          "schema_version": 0,
          "attributes": {
            "id": "datacenter-3",
            "name": "MCC-IBM3650-Datacenter",
            "virtual_machines": [
              "01MCC-windows2022-01",
              "01MCC-windows2022-02",
              "01MCC-windows2022-03",
              "01MCC-windows2022-AD",
              "Alpha Centauri",
              "CV-Server-E",
              "Cohesity_6.8.1_U5_91",
              "Cohesity_6.8.1_U5_92",
              "Cohesity_6.8.1_U5_93",
              "Cygnus",
              "DSG-EARTH-STOREONCE-VSA",
              "DSG_Commvault_HPE_VME",
              "HMC 10.3",
              "HPE_3PAR_S1-EXP_3.2.2.MU4",
              "HPE_3PAR_S1N1_3.2.2.MU4",
              "HPE_3PAR_S1N2_3.2.2.MU4",
              "HPE_3PAR_S2-EXP_3.2.2.MU4",
              "HPE_3PAR_S2N1_3.2.2.MU4",
              "HPE_3PAR_S2N2_3.2.2.MU4",
              "Junose_W22",
              "M3V7R2 (1)",
              "MCC-Care-124.103-vSAN01",
              "MCC-Care-124.104-vSAN02",
              "MCC-Care-124.105-vSAN03",
              "MCC-Care-124.107-vSAN04",
              "MCC-Care-124.111-HPVME001",
              "MCC-Care-124.112-HPVME002",
              "MCC-Care-124.113-HPVME003",
              "MCC-Care-124.121-HyperV-DR1",
              "MCC-Care-124.122-HyperV-DR2",
              "MCC-Care-124.128-ESX5.5",
              "MCC-Care-124.128-vSAN05",
              "MCC-Care-124.95_(Debian12)",
              "MCC-Care.124.117-VirtualSAN-Witness-8.0U3-24022510",
              "MCC-Chai-ESXi7u3o",
              "MCC-Chai-Foundation-VM-5.7-124-60",
              "MCC-Chai-HPE_SSMC_Appliance-3.8.0.0.330-IP-118136",
              "MCC-Chai-NTNXCE2.0-S1-IP-12480",
              "MCC-Chai-Ubuntu-VMware",
              "MCC-Chai-W2022-Veeam-IP-12455",
              "MCC-Chai-WIN2019-IP37161_replica",
              "MCC-Chai-WIN2022-ADDNS-IP-12451",
              "MCC-Chai-Win2022-DNS02-IP12458",
              "MCC-Chai-Win2022-GNS3-IP-12457",
              "MCC-Chai-Win2022-Hyperv-IP-12456",
              "MCC-Chai-Win2022-OS-Only-IP12489",
              "MCC-Chai-Windows2022_Cluster_CAAT1-IP-10.41.36.111",
              "MCC-Chai-Windows2022_Cluster_CAAT2-IP-1.41.36.112",
              "MCC-Chai-Windows_DNS_DNSMCCTS-IP-10.41.36.173",
              "MCC-Chai-ibm-storage-virtualize-plugin-for-vsphere-2.0.0.0-IP12461",
              "MCC-Chai-ubuntu2204-IP-12458",
              "MCC-Chai-ubuntu2204-OS-only",
              "MCC-Chai-vCenter_7U3_36_70",
              "MCC-Hyperv-Convert-win2022",
              "MCC-MetroDemo-121.100-DNS",
              "MCC-NATE-DNS-Windows2022-170",
              "MCC-OracleLinux8",
              "MCC-Rhel9.2-n1",
              "MCC-cohesity-S1-esx-7.1.2_u3_release-20241231",
              "MCC-vCenter-Server-70U3-12440",
              "MCC-vCenter-v67-IP12540",
              "MCC_Choi_Linux_171",
              "MCC_Choi_SUSE_174",
              "MCC_Choi_Win2k22_172",
              "MCC_Choi_Win2k22_173",
              "MCC_RHEL79",
              "MCC_Tu_Windows01",
              "MCC_Tu_Windows11",
              "MSC-Artesca",
              "MSC-BOSS-VME-N1",
              "MSC-Dome-Commserve-LAB",
              "MSC-Few-Commvault-CS",
              "MSC-Few-StoreonceVSA",
              "MSC-Few-StoreonceVSA-DR",
              "MSC-Few-Veeam",
              "MSC-Few-Windows",
              "MSC-Kung-DNS",
              "MSC-Kung-NTP",
              "MSC-Kung-Server Test iSCSI",
              "MSC-Kung-TrueNas",
              "MSC-Kung-VME-N1",
              "MSC-Kung-VME-N2",
              "MSC-Kung-VME-N3",
              "MSC-LUCK-POC-DUSIT Hyper-V 01",
              "MSC-LUCK-POC-DUSIT Hyper-V 02",
              "MSC-LUCK-Proxmox VE 8.3",
              "MSC-LUCK-Server AD DNS",
              "MSC-LUCK-Server AD DNS additional",
              "MSC-LUCK-Server Hyper-V 01",
              "MSC-LUCK-Server Hyper-V 02",
              "MSC-LUCK-Server Hyper-V 03 STORE",
              "MSC-LUCK-Server Hyper-V 04",
              "MSC-LUCK-Server Hyper-V 05",
              "MSC-LUCK-Server Hyper-V Standalone",
              "MSC-LUCK-Server Veeam",
              "MSC-LUCK-Server test migrate to Hyper-V",
              "MSC-LUCK-Template Server Hyper-V Datacenter",
              "MSC-LUCK-Template Server Hyper-V Standard",
              "MetroCloud-WebMonitoring",
              "NTP Server",
              "Pegasus",
              "Proxima",
              "Putty Spectrum Control",
              "Redhat Tier1",
              "Rest-MCC-Chai-Win2022-GNS3-IP-12457",
              "Rest-ntnx-s1-vm02-cent84",
              "SRV-Minio01",
              "Test MSC-LUCK-Server Hyper-V 02",
              "Ubanto81",
              "Ubantu80",
              "Ubuntu-2404-Template",
              "VME-STANDALONE",
              "Veeam Test",
              "VeeamProxyDR",
              "Veeam_Windows2022_Datacenter",
              "Win2016_Anydesk_IP230",
              "artesca",
              "ibm-storage-virtualize-plugin-for-vsphere-2.0.0.0",
              "mcc-Chai-win2022-sql2-IP-12489",
              "mcc-fusion-DNS-10.200.120.2",
              "mcc-fusion-VPN-10.200.120.98",
              "mcc-fusion-bastion-10.200.120.20",
              "mcc-fusion-block-10.200.120.5",
              "mcc-fusion-jumphost-10.200.120.4",
              "mcc-l-ad-10.200.120.90",
              "mcc-l-mssql01-10.200.120.91",
              "mcc-l-mssql02-10.200.120.92",
              "mcc-l-rhel9-demo01",
              "mcc-l-vme-infra-10.200.121.100",
              "mcc-l-windows-demo01",
              "mcc-ntnx-convert-centos84",
              "mcc-zerto u1p1-10.0",
              "rhel9-template",
              "rhel9small",
              "testterraform",
              "ubantu80",
              "vCLS-5b5a2228-92bf-4ed4-b096-53e7348e15ce",
              "vCLS-63546f8e-ac43-4197-a71e-3b24d26aedb5",
              "vCLS-b86db97d-f641-4d66-8cc7-9bf9179aa123",
              "vCenter Server7u3P",
              "vHMC_V9.2.950-IP36.225",
              "win2022-template",
              "win2022a-template",
              "windows2022"
            ]
          },
          "sensitive_attributes": []
        }
      ]
    },
    {
      "mode": "data",
      "type": "vsphere_datastore",
      "name": "datastore",
      "provider": "provider[\"registry.terraform.io/hashicorp/vsphere\"]",
      "instances": [
        {
          "schema_version": 0,
          "attributes": {
            "datacenter_id": "datacenter-3",
            "id": "datastore-19",
            "name": "MSA-2060-DS01",
            "stats": {
              "capacity": "11999870189568",
              "free": "269841596416"
            }
          },
          "sensitive_attributes": []
        }
      ]
    },
    {
      "mode": "data",
      "type": "vsphere_network",
      "name": "network",
      "provider": "provider[\"registry.terraform.io/hashicorp/vsphere\"]",
      "instances": [
        {
          "schema_version": 0,
          "attributes": {
            "datacenter_id": "datacenter-3",
            "distributed_virtual_switch_uuid": null,
            "filter": null,
            "id": "network-28",
            "name": "VLAN-124",
            "retry_interval": 500,
            "retry_timeout": 0,
            "type": "Network"
          },
          "sensitive_attributes": []
        }
      ]
    },
    {
      "mode": "data",
      "type": "vsphere_virtual_machine",
      "name": "template",
      "provider": "provider[\"registry.terraform.io/hashicorp/vsphere\"]",
      "instances": [
        {
          "schema_version": 0,
          "attributes": {
            "alternate_guest_name": "",
            "annotation": "",
            "boot_delay": 0,
            "boot_retry_delay": 10000,
            "boot_retry_enabled": false,
            "change_version": "2025-08-18T06:57:28.128498Z",
            "cpu_hot_add_enabled": false,
            "cpu_hot_remove_enabled": false,
            "cpu_limit": -1,
            "cpu_performance_counters_enabled": false,
            "cpu_reservation": 0,
            "cpu_share_count": 4000,
            "cpu_share_level": "normal",
            "datacenter_id": "datacenter-3",
            "default_ip_address": null,
            "disks": [
              {
                "eagerly_scrub": false,
                "label": "Hard disk 1",
                "size": 100,
                "thin_provisioned": true,
                "unit_number": 0
              }
            ],
            "efi_secure_boot_enabled": false,
            "enable_disk_uuid": false,
            "enable_logging": true,
            "ept_rvi_mode": "automatic",
            "extra_config": {},
            "extra_config_reboot_required": true,
            "firmware": "bios",
            "folder": null,
            "guest_id": "ubuntu64Guest",
            "guest_ip_addresses": [],
            "hardware_version": 19,
            "hv_mode": "hvAuto",
            "id": "4207187a-f912-82b6-8f7d-4844470dfa24",
            "ide_controller_scan_count": 2,
            "instance_uuid": "50079d7d-a628-e5dd-1d5e-b27257c42f5d",
            "latency_sensitivity": "normal",
            "memory": 4096,
            "memory_hot_add_enabled": false,
            "memory_limit": -1,
            "memory_reservation": 0,
            "memory_reservation_locked_to_max": false,
            "memory_share_count": 40960,
            "memory_share_level": "normal",
            "moid": "vm-1119",
            "name": "Ubuntu-2404-Template",
            "nested_hv_enabled": false,
            "network_interface_types": [
              "vmxnet3"
            ],
            "network_interfaces": [
              {
                "adapter_type": "vmxnet3",
                "bandwidth_limit": -1,
                "bandwidth_reservation": 0,
                "bandwidth_share_count": 50,
                "bandwidth_share_level": "normal",
                "mac_address": "00:50:56:87:17:36",
                "network_id": "network-28",
                "physical_function": ""
              }
            ],
            "num_cores_per_socket": 1,
            "num_cpus": 4,
            "nvme_controller_scan_count": 1,
            "replace_trigger": null,
            "run_tools_scripts_after_power_on": true,
            "run_tools_scripts_after_resume": true,
            "run_tools_scripts_before_guest_reboot": false,
            "run_tools_scripts_before_guest_shutdown": true,
            "run_tools_scripts_before_guest_standby": true,
            "sata_controller_scan_count": 0,
            "scsi_bus_sharing": "noSharing",
            "scsi_controller_scan_count": 1,
            "scsi_type": "lsilogic",
            "storage_policy_id": null,
            "swap_placement_policy": "inherit",
            "sync_time_with_host": true,
            "sync_time_with_host_periodically": false,
            "tools_upgrade_policy": "manual",
            "uuid": "4207187a-f912-82b6-8f7d-4844470dfa24",
            "vapp": null,
            "vapp_transport": [],
            "vbs_enabled": false,
            "vtpm": false,
            "vvtd_enabled": false
          },
          "sensitive_attributes": []
        }
      ]
    },
    {
      "mode": "managed",
      "type": "vsphere_virtual_machine",
      "name": "vm",
      "provider": "provider[\"registry.terraform.io/hashicorp/vsphere\"]",
      "instances": [
        {
          "index_key": "vm-ry",
          "status": "tainted",
          "schema_version": 3,
          "attributes": {
            "alternate_guest_name": null,
            "annotation": null,
            "boot_delay": null,
            "boot_retry_delay": 10000,
            "boot_retry_enabled": null,
            "cdrom": [],
            "change_version": null,
            "clone": [
              {
                "customization_spec": [],
                "customize": [],
                "linked_clone": false,
                "ovf_network_map": null,
                "ovf_storage_map": null,
                "template_uuid": "4207187a-f912-82b6-8f7d-4844470dfa24",
                "timeout": 30
              }
            ],
            "cpu_hot_add_enabled": null,
            "cpu_hot_remove_enabled": null,
            "cpu_limit": -1,
            "cpu_performance_counters_enabled": null,
            "cpu_reservation": null,
            "cpu_share_count": null,
            "cpu_share_level": "normal",
            "custom_attributes": null,
            "datacenter_id": null,
            "datastore_cluster_id": null,
            "datastore_id": "datastore-19",
            "default_ip_address": null,
            "disk": [
              {
                "attach": false,
                "controller_type": "scsi",
                "datastore_id": "datastore-19",
                "device_address": "scsi:0:0",
                "disk_mode": "persistent",
                "disk_sharing": "sharingNone",
                "eagerly_scrub": false,
                "io_limit": -1,
                "io_reservation": 0,
                "io_share_count": 1000,
                "io_share_level": "normal",
                "keep_on_remove": false,
                "key": 2000,
                "label": "01MCC_ubuntu24-04-RY-disk",
                "path": "01MCC_ubuntu24-04-RY/01MCC_ubuntu24-04-RY.vmdk",
                "size": 101,
                "storage_policy_id": "",
                "thin_provisioned": true,
                "unit_number": 0,
                "uuid": "6000C296-e0b6-d466-341e-7dafbc4d7fff",
                "write_through": false
              }
            ],
            "efi_secure_boot_enabled": null,
            "enable_disk_uuid": null,
            "enable_logging": null,
            "ept_rvi_mode": null,
            "extra_config": {
              "guestinfo.metadata": "I2Nsb3VkLWNvbmZpZwojIyMjIyMjIyMjIyMjIyMjIyMjIyMjIyMjIyMjIyMjIyMjIyMjIyMjIyMjIyMjIyMjIyMjIyMjIyMjIyMjIyMjIyMjIyMjIyMjIyMjIyMjCiMgVk0gQ1VTVE9NSVpBVElPTiAtIE1FVEFEQVRBCiMjIyMjIyMjIyMjIyMjIyMjIyMjIyMjIyMjIyMjIyMjIyMjIyMjIyMjIyMjIyMjIyMjIyMjIyMjIyMjIyMjIyMjIyMjIyMjIyMjIyMjIyMKIyBUaGlzIGZpbGUgY29udGFpbnMgdGhlIGNsb3VkLWluaXQgbWV0YWRhdGEgY29uZmlndXJhdGlvbiBmb3IgdGhlIFZNCiMgSXQgZGVmaW5lcyBob3N0bmFtZSwgaW5zdGFuY2UgSUQsIGFuZCBuZXR3b3JrIGNvbmZpZ3VyYXRpb24KIyMjIyMjIyMjIyMjIyMjIyMjIyMjIyMjIyMjIyMjIyMjIyMjIyMjIyMjIyMjIyMjIyMjIyMjIyMjIyMjIyMjIyMjIyMjIyMjIyMjIyMjIwoKIyMjIyMjIyMjIyMjIyMjIyMjIyMjIyMjIyMjIyMjIyMjIyMjIyMjIyMjIyMjIyMjIyMjIyMjIyMjIyMjIyMjIyMjIyMjIyMjIyMjIyMjIwojIElERU5USVRZIENPTkZJR1VSQVRJT04KIyMjIyMjIyMjIyMjIyMjIyMjIyMjIyMjIyMjIyMjIyMjIyMjIyMjIyMjIyMjIyMjIyMjIyMjIyMjIyMjIyMjIyMjIyMjIyMjIyMjIyMjIwojIFNldCB0aGUgaG9zdG5hbWUgb2YgdGhlIFZNIHRvIHRoZSBwcm92aWRlZCBuYW1lIHZhcmlhYmxlCmxvY2FsLWhvc3RuYW1lOiAwMU1DQ191YnVudHUyNC0wNC1SWQoKIyBTZXQgYSB1bmlxdWUgaW5zdGFuY2UgSUQgZm9yIHRoZSBWTQppbnN0YW5jZS1pZDogMDFNQ0NfdWJ1bnR1LTAxTUNDX3VidW50dTI0LTA0LVJZCgojIyMjIyMjIyMjIyMjIyMjIyMjIyMjIyMjIyMjIyMjIyMjIyMjIyMjIyMjIyMjIyMjIyMjIyMjIyMjIyMjIyMjIyMjIyMjIyMjIyMjIyMjCiMgTkVUV09SSyBDT05GSUdVUkFUSU9OCiMjIyMjIyMjIyMjIyMjIyMjIyMjIyMjIyMjIyMjIyMjIyMjIyMjIyMjIyMjIyMjIyMjIyMjIyMjIyMjIyMjIyMjIyMjIyMjIyMjIyMjIyMKIyBOZXR3b3JrIGNvbmZpZ3VyYXRpb24gdXNpbmcgTmV0cGxhbiB2MiBmb3JtYXQKbmV0d29yazoKICB2ZXJzaW9uOiAyICAjIFVzZSBOZXRwbGFuIHZlcnNpb24gMgogIGV0aGVybmV0czogICMgQ29uZmlndXJlIEV0aGVybmV0IGludGVyZmFjZXMKICAgIGVuczE5MjogICAjIEZpcnN0IG5ldHdvcmsgYWRhcHRlciAodHlwaWNhbGx5IFZNd2FyZSdzIFZNWE5FVDMpCiAgICAgIGRoY3A0OiBmYWxzZSAgIyBEaXNhYmxlIERIQ1AsIHVzZSBzdGF0aWMgSVAgY29uZmlndXJhdGlvbgogICAgICBhZGRyZXNzZXM6CiAgICAgICAgLSAxMC4yMDAuMTI0LjIwOS8yMyAgIyBTdGF0aWMgSVAgYWRkcmVzcyB3aXRoIENJRFIgbm90YXRpb24KICAgICAgZ2F0ZXdheTQ6IDEwLjIwMC4xMjQuMSAgIyBEZWZhdWx0IGdhdGV3YXkKICAgICAgbmFtZXNlcnZlcnM6ICAjIEROUyBjb25maWd1cmF0aW9uCiAgICAgICAgc2VhcmNoOiBbaG9tZV0gICMgRE5TIHNlYXJjaCBkb21haW4KICAgICAgICBhZGRyZXNzZXM6IFsxMC4yMDAuMTI0LjE3MywgOC44LjguOF0gICMgRE5TIHNlcnZlciBhZGRyZXNzZXMKCiMjIyMjIyMjIyMjIyMjIyMjIyMjIyMjIyMjIyMjIyMjIyMjIyMjIyMjIyMjIyMjIyMjIyMjIyMjIyMjIyMjIyMjIyMjIyMjIyMjIyMjIyMKIyBTVE9SQUdFIENPTkZJR1VSQVRJT04KIyMjIyMjIyMjIyMjIyMjIyMjIyMjIyMjIyMjIyMjIyMjIyMjIyMjIyMjIyMjIyMjIyMjIyMjIyMjIyMjIyMjIyMjIyMjIyMjIyMjIyMjIwojIEF1dG9tYXRpY2FsbHkgZ3JvdyB0aGUgcm9vdCBwYXJ0aXRpb24gdG8gdXNlIGF2YWlsYWJsZSBzcGFjZQpncm93cGFydDoKICBtb2RlOiBhdXRvICAjIEF1dG9tYXRpY2FsbHkgcmVzaXplIHBhcnRpdGlvbnMKICBkZXZpY2VzOiBbJy9kZXYvc2RhMiddICAjIFRhcmdldCB0aGUgc2Vjb25kIHBhcnRpdGlvbiBvbiB0aGUgZmlyc3QgZGlzayAodHlwaWNhbGx5IHJvb3QpCiAgaWdub3JlX2dyb3dyb290X2Rpc2FibGVkOiB0cnVlICAjIFByb2NlZWQgZXZlbiBpZiBncm93cm9vdCBpcyBkaXNhYmxlZAoKIyMjIyMjIyMjIyMjIyMjIyMjIyMjIyMjIyMjIyMjIyMjIyMjIyMjIyMjIyMjIyMjIyMjIyMjIyMjIyMjIyMjIyMjIyMjIyMjIyMjIyMjIwojIEJPT1QgQ09ORklHVVJBVElPTgojIyMjIyMjIyMjIyMjIyMjIyMjIyMjIyMjIyMjIyMjIyMjIyMjIyMjIyMjIyMjIyMjIyMjIyMjIyMjIyMjIyMjIyMjIyMjIyMjIyMjIyMjCiMgV2FpdCBmb3IgbmV0d29yayB0byBiZSBhdmFpbGFibGUgYmVmb3JlIHByb2NlZWRpbmcgd2l0aCBib290CndhaXQtb24tbmV0d29yazoKICBpcHY0OiB0cnVlICAjIFdhaXQgZm9yIElQdjQgY29ubmVjdGl2aXR5Cg==",
              "guestinfo.metadata.encoding": "base64",
              "guestinfo.userdata": "I2Nsb3VkLWNvbmZpZwojIyMjIyMjIyMjIyMjIyMjIyMjIyMjIyMjIyMjIyMjIyMjIyMjIyMjIyMjIyMjIyMjIyMjIyMjIyMjIyMjIyMjIyMjIyMjIyMjIyMjIyMjCiMgVk0gQ1VTVE9NSVpBVElPTiAtIFVTRVIgREFUQQojIyMjIyMjIyMjIyMjIyMjIyMjIyMjIyMjIyMjIyMjIyMjIyMjIyMjIyMjIyMjIyMjIyMjIyMjIyMjIyMjIyMjIyMjIyMjIyMjIyMjIyMjCiMgVGhpcyBmaWxlIGNvbnRhaW5zIGNsb3VkLWluaXQgdXNlciBkYXRhIGNvbmZpZ3VyYXRpb24gZm9yIHRoZSBWTQojIEl0IHNldHMgdXAgdXNlcnMsIFNTSCBrZXlzLCBhbmQgaW5zdGFsbHMgcmVxdWlyZWQgcGFja2FnZXMKIyMjIyMjIyMjIyMjIyMjIyMjIyMjIyMjIyMjIyMjIyMjIyMjIyMjIyMjIyMjIyMjIyMjIyMjIyMjIyMjIyMjIyMjIyMjIyMjIyMjIyMjIwoKIyMjIyMjIyMjIyMjIyMjIyMjIyMjIyMjIyMjIyMjIyMjIyMjIyMjIyMjIyMjIyMjIyMjIyMjIyMjIyMjIyMjIyMjIyMjIyMjIyMjIyMjIwojIFVTRVIgQUNDT1VOVCBDT05GSUdVUkFUSU9OCiMjIyMjIyMjIyMjIyMjIyMjIyMjIyMjIyMjIyMjIyMjIyMjIyMjIyMjIyMjIyMjIyMjIyMjIyMjIyMjIyMjIyMjIyMjIyMjIyMjIyMjIyMKIyBDcmVhdGVzIGEgdXNlciBhY2NvdW50IHdpdGggU1NIIGFjY2VzcyBhbmQgc3VkbyBwcml2aWxlZ2VzCnVzZXJzOgogIC0gbmFtZTogdWJ1bnR1ICAjIFVzZXJuYW1lIGZyb20gdmFyaWFibGVzLnRmCiAgICBzc2gtYXV0aG9yaXplZC1rZXlzOiAgICMgU1NIIHB1YmxpYyBrZXlzIGZvciBwYXNzd29yZGxlc3MgYXV0aGVudGljYXRpb24KICAgICAgLSBzc2gtcnNhIEFBQUFCM056YUMxeWMyRUFBQUFEQVFBQkFBQUJBUUNiN2ZjRFpmSUcrU3h1UDVVc1phb0hQZGg5TU54dEVMNXhSSTcxaHpNUzVoNFNzWmlQR0VQNHNoTGNGOVl4U25jZE9KcHlPSjZPZ3VtTlNGV2oycENkL2txZzl3UXprL0UxbytGUk1iV1g1Z1g4eE16UGlnOG1tS2tXNXN6aG5QK3lZWVl1R1VxdlRBS1g0dWExbVF3TDZQaXBXS1lKMWh1SmhncEdIcnZTUTZrdXl3SjIzaHc0a2xjYWlaS1hWWXR2VGk4cHFaSGhFNUt4MTIzN2EvNkdSd25iR0xFcDBVUjJRL0tQZjZ5UmdaSXJDZEQrQXRPem5TQnNCaGY1dnFjZm5ud0VJQy9ET25xY09UYWhCVnRGaE9LdVBTdjNiVWlrQUQ0Vnc3U0lSdGVNbHRVVmtkL08zNDFmeCtkaUtPQlk3YThNNnBuODFIRVpFbUdzcjdyVCBzYW1AU2FtTWFjLmxvY2FsICAjIFNTSCBwdWJsaWMga2V5IGZyb20gdmFyaWFibGVzLnRmCiAgICBzdWRvOiBbJ0FMTD0oQUxMKSBOT1BBU1NXRDpBTEwnXSAgIyBHcmFudCBwYXNzd29yZGxlc3Mgc3VkbyBhY2Nlc3MKICAgIGdyb3Vwczogc3VkbyAgIyBBZGQgdXNlciB0byBzdWRvIGdyb3VwCiAgICBzaGVsbDogL2Jpbi9iYXNoICAjIERlZmF1bHQgc2hlbGwgZm9yIHRoZSB1c2VyCgojIyMjIyMjIyMjIyMjIyMjIyMjIyMjIyMjIyMjIyMjIyMjIyMjIyMjIyMjIyMjIyMjIyMjIyMjIyMjIyMjIyMjIyMjIyMjIyMjIyMjIyMjCiMgUEFDS0FHRSBJTlNUQUxMQVRJT04KIyMjIyMjIyMjIyMjIyMjIyMjIyMjIyMjIyMjIyMjIyMjIyMjIyMjIyMjIyMjIyMjIyMjIyMjIyMjIyMjIyMjIyMjIyMjIyMjIyMjIyMjIwojIFBhY2thZ2VzIHRvIGluc3RhbGwgb24gZmlyc3QgYm9vdApwYWNrYWdlczoKICAtIHRyZWUgICMgVXRpbGl0eSBmb3IgZGlzcGxheWluZyBkaXJlY3Rvcnkgc3RydWN0dXJlCiAgIyBBZGQgbW9yZSBwYWNrYWdlcyBoZXJlIGFzIG5lZWRlZAogICMgRXhhbXBsZXM6IHB5dGhvbjMtcGlwLCBuZ2lueCwgZXRjLg==",
              "guestinfo.userdata.encoding": "base64"
            },
            "extra_config_reboot_required": true,
            "firmware": "bios",
            "folder": null,
            "force_power_off": true,
            "guest_id": "ubuntu64Guest",
            "guest_ip_addresses": null,
            "hardware_version": null,
            "host_system_id": null,
            "hv_mode": null,
            "id": "42078b45-4765-bd39-4472-afa466e1a96a",
            "ide_controller_count": 2,
            "ignored_guest_ips": null,
            "imported": null,
            "latency_sensitivity": "normal",
            "memory": 2048,
            "memory_hot_add_enabled": null,
            "memory_limit": -1,
            "memory_reservation": null,
            "memory_reservation_locked_to_max": null,
            "memory_share_count": null,
            "memory_share_level": "normal",
            "migrate_wait_timeout": 30,
            "moid": null,
            "name": "01MCC_ubuntu24-04-RY",
            "nested_hv_enabled": null,
            "network_interface": [
              {
                "adapter_type": "vmxnet3",
                "bandwidth_limit": -1,
                "bandwidth_reservation": 0,
                "bandwidth_share_count": 0,
                "bandwidth_share_level": "normal",
                "device_address": "pci:0:-1",
                "key": -201,
                "mac_address": "",
                "network_id": "network-28",
                "ovf_mapping": "",
                "physical_function": "",
                "use_static_mac": false
              }
            ],
            "num_cores_per_socket": 1,
            "num_cpus": 1,
            "nvme_controller_count": 0,
            "ovf_deploy": [],
            "pci_device_id": null,
            "power_state": null,
            "poweron_timeout": 300,
            "reboot_required": true,
            "replace_trigger": null,
            "resource_pool_id": "resgroup-9",
            "run_tools_scripts_after_power_on": true,
            "run_tools_scripts_after_resume": true,
            "run_tools_scripts_before_guest_reboot": null,
            "run_tools_scripts_before_guest_shutdown": true,
            "run_tools_scripts_before_guest_standby": true,
            "sata_controller_count": 0,
            "scsi_bus_sharing": "noSharing",
            "scsi_controller_count": 1,
            "scsi_type": "pvscsi",
            "shutdown_wait_timeout": 3,
            "storage_policy_id": null,
            "swap_placement_policy": "inherit",
            "sync_time_with_host": true,
            "sync_time_with_host_periodically": null,
            "tags": null,
            "tools_upgrade_policy": "manual",
            "uuid": null,
            "vapp": [],
            "vapp_transport": null,
            "vbs_enabled": null,
            "vmware_tools_status": null,
            "vmx_path": null,
            "vtpm": [],
            "vvtd_enabled": null,
            "wait_for_guest_ip_timeout": 0,
            "wait_for_guest_net_routable": true,
            "wait_for_guest_net_timeout": 5
          },
          "sensitive_attributes": [
            [
              {
                "type": "get_attr",
                "value": "extra_config"
              },
              {
                "type": "index",
                "value": {
                  "value": "guestinfo.metadata",
                  "type": "string"
                }
              }
            ],
            [
              {
                "type": "get_attr",
                "value": "extra_config"
              },
              {
                "type": "index",
                "value": {
                  "value": "guestinfo.userdata",
                  "type": "string"
                }
              }
            ]
          ],
          "private": "eyJzY2hlbWFfdmVyc2lvbiI6IjMifQ==",
          "dependencies": [
            "data.vsphere_compute_cluster.cluster",
            "data.vsphere_datastore.datastore",
            "data.vsphere_network.network",
            "data.vsphere_virtual_machine.template"
          ]
        }
      ]
    }
  ],
  "check_results": null
}
